
Microsoft Visual Studio Solution File, Format Version 12.00
# Visual Studio Version 17
VisualStudioVersion = 17.14.36616.10 d17.14
MinimumVisualStudioVersion = 10.0.40219.1
Project("{FAE04EC0-301F-11D3-BF4B-00C04F79EFBC}") = "Contactes", "Contactes\Contactes.csproj", "{DE38AFEE-190D-47C0-9B29-8542EED8F16B}"
EndProject
Global
	GlobalSection(SolutionConfigurationPlatforms) = preSolution
		Debug|Any CPU = Debug|Any CPU
		Release|Any CPU = Release|Any CPU
	EndGlobalSection
	GlobalSection(ProjectConfigurationPlatforms) = postSolution
		{DE38AFEE-190D-47C0-9B29-8542EED8F16B}.Debug|Any CPU.ActiveCfg = Debug|Any CPU
		{DE38AFEE-190D-47C0-9B29-8542EED8F16B}.Debug|Any CPU.Build.0 = Debug|Any CPU
		{DE38AFEE-190D-47C0-9B29-8542EED8F16B}.Release|Any CPU.ActiveCfg = Release|Any CPU
		{DE38AFEE-190D-47C0-9B29-8542EED8F16B}.Release|Any CPU.Build.0 = Release|Any CPU
	EndGlobalSection
	GlobalSection(SolutionProperties) = preSolution
		HideSolutionNode = FALSE
	EndGlobalSection
	GlobalSection(ExtensibilityGlobals) = postSolution
		SolutionGuid = {2E11CDBB-F552-4C35-8158-C18E2CD810B5}
	EndGlobalSection
EndGlobal
